
Microsoft Visual Studio Solution File, Format Version 12.00
# Visual Studio Version 16
VisualStudioVersion = 16.0.34301.259
MinimumVisualStudioVersion = 10.0.40219.1
Project("{FAE04EC0-301F-11D3-BF4B-00C04F79EFBC}") = "Bro Template", "Bro Template\Bro Template.csproj", "{F637A9E4-6C18-40E6-834A-0A75C00103C5}"
EndProject
Global
	GlobalSection(SolutionConfigurationPlatforms) = preSolution
		Debug|Any CPU = Debug|Any CPU
		Release|Any CPU = Release|Any CPU
	EndGlobalSection
	GlobalSection(ProjectConfigurationPlatforms) = postSolution
		{F637A9E4-6C18-40E6-834A-0A75C00103C5}.Debug|Any CPU.ActiveCfg = Debug|Any CPU
		{F637A9E4-6C18-40E6-834A-0A75C00103C5}.Debug|Any CPU.Build.0 = Debug|Any CPU
		{F637A9E4-6C18-40E6-834A-0A75C00103C5}.Release|Any CPU.ActiveCfg = Release|Any CPU
		{F637A9E4-6C18-40E6-834A-0A75C00103C5}.Release|Any CPU.Build.0 = Release|Any CPU
	EndGlobalSection
	GlobalSection(SolutionProperties) = preSolution
		HideSolutionNode = FALSE
	EndGlobalSection
	GlobalSection(ExtensibilityGlobals) = postSolution
		SolutionGuid = {7CF711E5-FAE8-4DD5-B744-C95D8CC092FC}
	EndGlobalSection
EndGlobal
