
Microsoft Visual Studio Solution File, Format Version 12.00
# Visual Studio Version 17
VisualStudioVersion = 17.14.36414.22 d17.14
MinimumVisualStudioVersion = 10.0.40219.1
Project("{FAE04EC0-301F-11D3-BF4B-00C04F79EFBC}") = "Furibrosa", "Furibrosa\Furibrosa.csproj", "{A69204C2-D00B-42E2-B70E-E13C5604010D}"
EndProject
Global
	GlobalSection(SolutionConfigurationPlatforms) = preSolution
		Debug|Any CPU = Debug|Any CPU
		Release|Any CPU = Release|Any CPU
	EndGlobalSection
	GlobalSection(ProjectConfigurationPlatforms) = postSolution
		{A69204C2-D00B-42E2-B70E-E13C5604010D}.Debug|Any CPU.ActiveCfg = Debug|Any CPU
		{A69204C2-D00B-42E2-B70E-E13C5604010D}.Debug|Any CPU.Build.0 = Debug|Any CPU
		{A69204C2-D00B-42E2-B70E-E13C5604010D}.Release|Any CPU.ActiveCfg = Release|Any CPU
		{A69204C2-D00B-42E2-B70E-E13C5604010D}.Release|Any CPU.Build.0 = Release|Any CPU
	EndGlobalSection
	GlobalSection(SolutionProperties) = preSolution
		HideSolutionNode = FALSE
	EndGlobalSection
	GlobalSection(ExtensibilityGlobals) = postSolution
		SolutionGuid = {7CF711E5-FAE8-4DD5-B744-C95D8CC092FC}
	EndGlobalSection
EndGlobal
