
Microsoft Visual Studio Solution File, Format Version 12.00
# Visual Studio Version 16
VisualStudioVersion = 16.0.29230.47
MinimumVisualStudioVersion = 10.0.40219.1
Project("{FAE04EC0-301F-11D3-BF4B-00C04F79EFBC}") = "Swap Bros Mod", "Swap Bros Mod\Swap Bros Mod.csproj", "{7B145B4B-2661-4412-BF74-4E2482C98898}"
EndProject
Project("{2150E333-8FDC-42A3-9474-1A3956D46DE8}") = "Solution Items", "Solution Items", "{BE1A0964-95C9-4B9E-BA7C-6B4C529C53B3}"
	ProjectSection(SolutionItems) = preProject
		Info.json = Info.json
	EndProjectSection
EndProject
Global
	GlobalSection(SolutionConfigurationPlatforms) = preSolution
		Debug|Any CPU = Debug|Any CPU
		Release|Any CPU = Release|Any CPU
		Swap Bros Mod|Any CPU = Swap Bros Mod|Any CPU
	EndGlobalSection
	GlobalSection(ProjectConfigurationPlatforms) = postSolution
		{7B145B4B-2661-4412-BF74-4E2482C98898}.Debug|Any CPU.ActiveCfg = Release|Any CPU
		{7B145B4B-2661-4412-BF74-4E2482C98898}.Debug|Any CPU.Build.0 = Release|Any CPU
		{7B145B4B-2661-4412-BF74-4E2482C98898}.Release|Any CPU.ActiveCfg = Release|Any CPU
		{7B145B4B-2661-4412-BF74-4E2482C98898}.Release|Any CPU.Build.0 = Release|Any CPU
		{7B145B4B-2661-4412-BF74-4E2482C98898}.Swap Bros Mod|Any CPU.ActiveCfg = Release|Any CPU
		{7B145B4B-2661-4412-BF74-4E2482C98898}.Swap Bros Mod|Any CPU.Build.0 = Release|Any CPU
	EndGlobalSection
	GlobalSection(SolutionProperties) = preSolution
		HideSolutionNode = FALSE
	EndGlobalSection
	GlobalSection(ExtensibilityGlobals) = postSolution
		SolutionGuid = {036297C8-837B-4885-894B-9E43F3B2A403}
	EndGlobalSection
EndGlobal
